// !$*UTF8*$!
{
	archiveVersion = 1;
	classes = {
	};
	objectVersion = 56;
	objects = {

/* Begin PBXBuildFile section */
		C8968513297E2EC700653999 /* LBTATools in Frameworks */ = {isa = PBXBuildFile; productRef = C8968512297E2EC700653999 /* LBTATools */; };
		C89E6346297B03CB001A10D8 /* AppDelegate.swift in Sources */ = {isa = PBXBuildFile; fileRef = C89E6345297B03CB001A10D8 /* AppDelegate.swift */; };
		C89E6348297B03CB001A10D8 /* SceneDelegate.swift in Sources */ = {isa = PBXBuildFile; fileRef = C89E6347297B03CB001A10D8 /* SceneDelegate.swift */; };
		C89E634A297B03CB001A10D8 /* ViewController.swift in Sources */ = {isa = PBXBuildFile; fileRef = C89E6349297B03CB001A10D8 /* ViewController.swift */; };
		C89E634D297B03CB001A10D8 /* Main.storyboard in Resources */ = {isa = PBXBuildFile; fileRef = C89E634B297B03CB001A10D8 /* Main.storyboard */; };
		C89E634F297B03CF001A10D8 /* Assets.xcassets in Resources */ = {isa = PBXBuildFile; fileRef = C89E634E297B03CF001A10D8 /* Assets.xcassets */; };
		C89E6352297B03CF001A10D8 /* LaunchScreen.storyboard in Resources */ = {isa = PBXBuildFile; fileRef = C89E6350297B03CF001A10D8 /* LaunchScreen.storyboard */; };
		C89E635D297B03D0001A10D8 /* CompositionalLayoutTests.swift in Sources */ = {isa = PBXBuildFile; fileRef = C89E635C297B03D0001A10D8 /* CompositionalLayoutTests.swift */; };
		C89E6367297B03D0001A10D8 /* CompositionalLayoutUITests.swift in Sources */ = {isa = PBXBuildFile; fileRef = C89E6366297B03D0001A10D8 /* CompositionalLayoutUITests.swift */; };
		C89E6369297B03D0001A10D8 /* CompositionalLayoutUITestsLaunchTests.swift in Sources */ = {isa = PBXBuildFile; fileRef = C89E6368297B03D0001A10D8 /* CompositionalLayoutUITestsLaunchTests.swift */; };
/* End PBXBuildFile section */

/* Begin PBXContainerItemProxy section */
		C89E6359297B03D0001A10D8 /* PBXContainerItemProxy */ = {
			isa = PBXContainerItemProxy;
			containerPortal = C89E633A297B03CB001A10D8 /* Project object */;
			proxyType = 1;
			remoteGlobalIDString = C89E6341297B03CB001A10D8;
			remoteInfo = CompositionalLayout;
		};
		C89E6363297B03D0001A10D8 /* PBXContainerItemProxy */ = {
			isa = PBXContainerItemProxy;
			containerPortal = C89E633A297B03CB001A10D8 /* Project object */;
			proxyType = 1;
			remoteGlobalIDString = C89E6341297B03CB001A10D8;
			remoteInfo = CompositionalLayout;
		};
/* End PBXContainerItemProxy section */

/* Begin PBXFileReference section */
		C89E6342297B03CB001A10D8 /* CompositionalLayout.app */ = {isa = PBXFileReference; explicitFileType = wrapper.application; includeInIndex = 0; path = CompositionalLayout.app; sourceTree = BUILT_PRODUCTS_DIR; };
		C89E6345297B03CB001A10D8 /* AppDelegate.swift */ = {isa = PBXFileReference; lastKnownFileType = sourcecode.swift; path = AppDelegate.swift; sourceTree = "<group>"; };
		C89E6347297B03CB001A10D8 /* SceneDelegate.swift */ = {isa = PBXFileReference; lastKnownFileType = sourcecode.swift; path = SceneDelegate.swift; sourceTree = "<group>"; };
		C89E6349297B03CB001A10D8 /* ViewController.swift */ = {isa = PBXFileReference; lastKnownFileType = sourcecode.swift; path = ViewController.swift; sourceTree = "<group>"; };
		C89E634C297B03CB001A10D8 /* Base */ = {isa = PBXFileReference; lastKnownFileType = file.storyboard; name = Base; path = Base.lproj/Main.storyboard; sourceTree = "<group>"; };
		C89E634E297B03CF001A10D8 /* Assets.xcassets */ = {isa = PBXFileReference; lastKnownFileType = folder.assetcatalog; path = Assets.xcassets; sourceTree = "<group>"; };
		C89E6351297B03CF001A10D8 /* Base */ = {isa = PBXFileReference; lastKnownFileType = file.storyboard; name = Base; path = Base.lproj/LaunchScreen.storyboard; sourceTree = "<group>"; };
		C89E6353297B03CF001A10D8 /* Info.plist */ = {isa = PBXFileReference; lastKnownFileType = text.plist.xml; path = Info.plist; sourceTree = "<group>"; };
		C89E6358297B03D0001A10D8 /* CompositionalLayoutTests.xctest */ = {isa = PBXFileReference; explicitFileType = wrapper.cfbundle; includeInIndex = 0; path = CompositionalLayoutTests.xctest; sourceTree = BUILT_PRODUCTS_DIR; };
		C89E635C297B03D0001A10D8 /* CompositionalLayoutTests.swift */ = {isa = PBXFileReference; lastKnownFileType = sourcecode.swift; path = CompositionalLayoutTests.swift; sourceTree = "<group>"; };
		C89E6362297B03D0001A10D8 /* CompositionalLayoutUITests.xctest */ = {isa = PBXFileReference; explicitFileType = wrapper.cfbundle; includeInIndex = 0; path = CompositionalLayoutUITests.xctest; sourceTree = BUILT_PRODUCTS_DIR; };
		C89E6366297B03D0001A10D8 /* CompositionalLayoutUITests.swift */ = {isa = PBXFileReference; lastKnownFileType = sourcecode.swift; path = CompositionalLayoutUITests.swift; sourceTree = "<group>"; };
		C89E6368297B03D0001A10D8 /* CompositionalLayoutUITestsLaunchTests.swift */ = {isa = PBXFileReference; lastKnownFileType = sourcecode.swift; path = CompositionalLayoutUITestsLaunchTests.swift; sourceTree = "<group>"; };
/* End PBXFileReference section */

/* Begin PBXFrameworksBuildPhase section */
		C89E633F297B03CB001A10D8 /* Frameworks */ = {
			isa = PBXFrameworksBuildPhase;
			buildActionMask = 2147483647;
			files = (
				C8968513297E2EC700653999 /* LBTATools in Frameworks */,
			);
			runOnlyForDeploymentPostprocessing = 0;
		};
		C89E6355297B03D0001A10D8 /* Frameworks */ = {
			isa = PBXFrameworksBuildPhase;
			buildActionMask = 2147483647;
			files = (
			);
			runOnlyForDeploymentPostprocessing = 0;
		};
		C89E635F297B03D0001A10D8 /* Frameworks */ = {
			isa = PBXFrameworksBuildPhase;
			buildActionMask = 2147483647;
			files = (
			);
			runOnlyForDeploymentPostprocessing = 0;
		};
/* End PBXFrameworksBuildPhase section */

/* Begin PBXGroup section */
		C89E6339297B03CB001A10D8 = {
			isa = PBXGroup;
			children = (
				C89E6344297B03CB001A10D8 /* CompositionalLayout */,
				C89E635B297B03D0001A10D8 /* CompositionalLayoutTests */,
				C89E6365297B03D0001A10D8 /* CompositionalLayoutUITests */,
				C89E6343297B03CB001A10D8 /* Products */,
			);
			sourceTree = "<group>";
		};
		C89E6343297B03CB001A10D8 /* Products */ = {
			isa = PBXGroup;
			children = (
				C89E6342297B03CB001A10D8 /* CompositionalLayout.app */,
				C89E6358297B03D0001A10D8 /* CompositionalLayoutTests.xctest */,
				C89E6362297B03D0001A10D8 /* CompositionalLayoutUITests.xctest */,
			);
			name = Products;
			sourceTree = "<group>";
		};
		C89E6344297B03CB001A10D8 /* CompositionalLayout */ = {
			isa = PBXGroup;
			children = (
				C89E6345297B03CB001A10D8 /* AppDelegate.swift */,
				C89E6347297B03CB001A10D8 /* SceneDelegate.swift */,
				C89E6349297B03CB001A10D8 /* ViewController.swift */,
				C89E634B297B03CB001A10D8 /* Main.storyboard */,
				C89E634E297B03CF001A10D8 /* Assets.xcassets */,
				C89E6350297B03CF001A10D8 /* LaunchScreen.storyboard */,
				C89E6353297B03CF001A10D8 /* Info.plist */,
			);
			path = CompositionalLayout;
			sourceTree = "<group>";
		};
		C89E635B297B03D0001A10D8 /* CompositionalLayoutTests */ = {
			isa = PBXGroup;
			children = (
				C89E635C297B03D0001A10D8 /* CompositionalLayoutTests.swift */,
			);
			path = CompositionalLayoutTests;
			sourceTree = "<group>";
		};
		C89E6365297B03D0001A10D8 /* CompositionalLayoutUITests */ = {
			isa = PBXGroup;
			children = (
				C89E6366297B03D0001A10D8 /* CompositionalLayoutUITests.swift */,
				C89E6368297B03D0001A10D8 /* CompositionalLayoutUITestsLaunchTests.swift */,
			);
			path = CompositionalLayoutUITests;
			sourceTree = "<group>";
		};
/* End PBXGroup section */

/* Begin PBXNativeTarget section */
		C89E6341297B03CB001A10D8 /* CompositionalLayout */ = {
			isa = PBXNativeTarget;
			buildConfigurationList = C89E636C297B03D0001A10D8 /* Build configuration list for PBXNativeTarget "CompositionalLayout" */;
			buildPhases = (
				C89E633E297B03CB001A10D8 /* Sources */,
				C89E633F297B03CB001A10D8 /* Frameworks */,
				C89E6340297B03CB001A10D8 /* Resources */,
			);
			buildRules = (
			);
			dependencies = (
			);
			name = CompositionalLayout;
			packageProductDependencies = (
				C8968512297E2EC700653999 /* LBTATools */,
			);
			productName = CompositionalLayout;
			productReference = C89E6342297B03CB001A10D8 /* CompositionalLayout.app */;
			productType = "com.apple.product-type.application";
		};
		C89E6357297B03D0001A10D8 /* CompositionalLayoutTests */ = {
			isa = PBXNativeTarget;
			buildConfigurationList = C89E636F297B03D0001A10D8 /* Build configuration list for PBXNativeTarget "CompositionalLayoutTests" */;
			buildPhases = (
				C89E6354297B03D0001A10D8 /* Sources */,
				C89E6355297B03D0001A10D8 /* Frameworks */,
				C89E6356297B03D0001A10D8 /* Resources */,
			);
			buildRules = (
			);
			dependencies = (
				C89E635A297B03D0001A10D8 /* PBXTargetDependency */,
			);
			name = CompositionalLayoutTests;
			productName = CompositionalLayoutTests;
			productReference = C89E6358297B03D0001A10D8 /* CompositionalLayoutTests.xctest */;
			productType = "com.apple.product-type.bundle.unit-test";
		};
		C89E6361297B03D0001A10D8 /* CompositionalLayoutUITests */ = {
			isa = PBXNativeTarget;
			buildConfigurationList = C89E6372297B03D0001A10D8 /* Build configuration list for PBXNativeTarget "CompositionalLayoutUITests" */;
			buildPhases = (
				C89E635E297B03D0001A10D8 /* Sources */,
				C89E635F297B03D0001A10D8 /* Frameworks */,
				C89E6360297B03D0001A10D8 /* Resources */,
			);
			buildRules = (
			);
			dependencies = (
				C89E6364297B03D0001A10D8 /* PBXTargetDependency */,
			);
			name = CompositionalLayoutUITests;
			productName = CompositionalLayoutUITests;
			productReference = C89E6362297B03D0001A10D8 /* CompositionalLayoutUITests.xctest */;
			productType = "com.apple.product-type.bundle.ui-testing";
		};
/* End PBXNativeTarget section */

/* Begin PBXProject section */
		C89E633A297B03CB001A10D8 /* Project object */ = {
			isa = PBXProject;
			attributes = {
				BuildIndependentTargetsInParallel = 1;
				LastSwiftUpdateCheck = 1400;
				LastUpgradeCheck = 1400;
				TargetAttributes = {
					C89E6341297B03CB001A10D8 = {
						CreatedOnToolsVersion = 14.0;
					};
					C89E6357297B03D0001A10D8 = {
						CreatedOnToolsVersion = 14.0;
						TestTargetID = C89E6341297B03CB001A10D8;
					};
					C89E6361297B03D0001A10D8 = {
						CreatedOnToolsVersion = 14.0;
						TestTargetID = C89E6341297B03CB001A10D8;
					};
				};
			};
			buildConfigurationList = C89E633D297B03CB001A10D8 /* Build configuration list for PBXProject "CompositionalLayout" */;
			compatibilityVersion = "Xcode 14.0";
			developmentRegion = en;
			hasScannedForEncodings = 0;
			knownRegions = (
				en,
				Base,
			);
			mainGroup = C89E6339297B03CB001A10D8;
			packageReferences = (
				C8968511297E2EC700653999 /* XCRemoteSwiftPackageReference "LBTATools" */,
			);
			productRefGroup = C89E6343297B03CB001A10D8 /* Products */;
			projectDirPath = "";
			projectRoot = "";
			targets = (
				C89E6341297B03CB001A10D8 /* CompositionalLayout */,
				C89E6357297B03D0001A10D8 /* CompositionalLayoutTests */,
				C89E6361297B03D0001A10D8 /* CompositionalLayoutUITests */,
			);
		};
/* End PBXProject section */

/* Begin PBXResourcesBuildPhase section */
		C89E6340297B03CB001A10D8 /* Resources */ = {
			isa = PBXResourcesBuildPhase;
			buildActionMask = 2147483647;
			files = (
				C89E6352297B03CF001A10D8 /* LaunchScreen.storyboard in Resources */,
				C89E634F297B03CF001A10D8 /* Assets.xcassets in Resources */,
				C89E634D297B03CB001A10D8 /* Main.storyboard in Resources */,
			);
			runOnlyForDeploymentPostprocessing = 0;
		};
		C89E6356297B03D0001A10D8 /* Resources */ = {
			isa = PBXResourcesBuildPhase;
			buildActionMask = 2147483647;
			files = (
			);
			runOnlyForDeploymentPostprocessing = 0;
		};
		C89E6360297B03D0001A10D8 /* Resources */ = {
			isa = PBXResourcesBuildPhase;
			buildActionMask = 2147483647;
			files = (
			);
			runOnlyForDeploymentPostprocessing = 0;
		};
/* End PBXResourcesBuildPhase section */

/* Begin PBXSourcesBuildPhase section */
		C89E633E297B03CB001A10D8 /* Sources */ = {
			isa = PBXSourcesBuildPhase;
			buildActionMask = 2147483647;
			files = (
				C89E634A297B03CB001A10D8 /* ViewController.swift in Sources */,
				C89E6346297B03CB001A10D8 /* AppDelegate.swift in Sources */,
				C89E6348297B03CB001A10D8 /* SceneDelegate.swift in Sources */,
			);
			runOnlyForDeploymentPostprocessing = 0;
		};
		C89E6354297B03D0001A10D8 /* Sources */ = {
			isa = PBXSourcesBuildPhase;
			buildActionMask = 2147483647;
			files = (
				C89E635D297B03D0001A10D8 /* CompositionalLayoutTests.swift in Sources */,
			);
			runOnlyForDeploymentPostprocessing = 0;
		};
		C89E635E297B03D0001A10D8 /* Sources */ = {
			isa = PBXSourcesBuildPhase;
			buildActionMask = 2147483647;
			files = (
				C89E6369297B03D0001A10D8 /* CompositionalLayoutUITestsLaunchTests.swift in Sources */,
				C89E6367297B03D0001A10D8 /* CompositionalLayoutUITests.swift in Sources */,
			);
			runOnlyForDeploymentPostprocessing = 0;
		};
/* End PBXSourcesBuildPhase section */

/* Begin PBXTargetDependency section */
		C89E635A297B03D0001A10D8 /* PBXTargetDependency */ = {
			isa = PBXTargetDependency;
			target = C89E6341297B03CB001A10D8 /* CompositionalLayout */;
			targetProxy = C89E6359297B03D0001A10D8 /* PBXContainerItemProxy */;
		};
		C89E6364297B03D0001A10D8 /* PBXTargetDependency */ = {
			isa = PBXTargetDependency;
			target = C89E6341297B03CB001A10D8 /* CompositionalLayout */;
			targetProxy = C89E6363297B03D0001A10D8 /* PBXContainerItemProxy */;
		};
/* End PBXTargetDependency section */

/* Begin PBXVariantGroup section */
		C89E634B297B03CB001A10D8 /* Main.storyboard */ = {
			isa = PBXVariantGroup;
			children = (
				C89E634C297B03CB001A10D8 /* Base */,
			);
			name = Main.storyboard;
			sourceTree = "<group>";
		};
		C89E6350297B03CF001A10D8 /* LaunchScreen.storyboard */ = {
			isa = PBXVariantGroup;
			children = (
				C89E6351297B03CF001A10D8 /* Base */,
			);
			name = LaunchScreen.storyboard;
			sourceTree = "<group>";
		};
/* End PBXVariantGroup section */

/* Begin XCBuildConfiguration section */
		C89E636A297B03D0001A10D8 /* Debug */ = {
			isa = XCBuildConfiguration;
			buildSettings = {
				ALWAYS_SEARCH_USER_PATHS = NO;
				CLANG_ANALYZER_NONNULL = YES;
				CLANG_ANALYZER_NUMBER_OBJECT_CONVERSION = YES_AGGRESSIVE;
				CLANG_CXX_LANGUAGE_STANDARD = "gnu++20";
				CLANG_ENABLE_MODULES = YES;
				CLANG_ENABLE_OBJC_ARC = YES;
				CLANG_ENABLE_OBJC_WEAK = YES;
				CLANG_WARN_BLOCK_CAPTURE_AUTORELEASING = YES;
				CLANG_WARN_BOOL_CONVERSION = YES;
				CLANG_WARN_COMMA = YES;
				CLANG_WARN_CONSTANT_CONVERSION = YES;
				CLANG_WARN_DEPRECATED_OBJC_IMPLEMENTATIONS = YES;
				CLANG_WARN_DIRECT_OBJC_ISA_USAGE = YES_ERROR;
				CLANG_WARN_DOCUMENTATION_COMMENTS = YES;
				CLANG_WARN_EMPTY_BODY = YES;
				CLANG_WARN_ENUM_CONVERSION = YES;
				CLANG_WARN_INFINITE_RECURSION = YES;
				CLANG_WARN_INT_CONVERSION = YES;
				CLANG_WARN_NON_LITERAL_NULL_CONVERSION = YES;
				CLANG_WARN_OBJC_IMPLICIT_RETAIN_SELF = YES;
				CLANG_WARN_OBJC_LITERAL_CONVERSION = YES;
				CLANG_WARN_OBJC_ROOT_CLASS = YES_ERROR;
				CLANG_WARN_QUOTED_INCLUDE_IN_FRAMEWORK_HEADER = YES;
				CLANG_WARN_RANGE_LOOP_ANALYSIS = YES;
				CLANG_WARN_STRICT_PROTOTYPES = YES;
				CLANG_WARN_SUSPICIOUS_MOVE = YES;
				CLANG_WARN_UNGUARDED_AVAILABILITY = YES_AGGRESSIVE;
				CLANG_WARN_UNREACHABLE_CODE = YES;
				CLANG_WARN__DUPLICATE_METHOD_MATCH = YES;
				COPY_PHASE_STRIP = NO;
				DEBUG_INFORMATION_FORMAT = dwarf;
				ENABLE_STRICT_OBJC_MSGSEND = YES;
				ENABLE_TESTABILITY = YES;
				GCC_C_LANGUAGE_STANDARD = gnu11;
				GCC_DYNAMIC_NO_PIC = NO;
				GCC_NO_COMMON_BLOCKS = YES;
				GCC_OPTIMIZATION_LEVEL = 0;
				GCC_PREPROCESSOR_DEFINITIONS = (
					"DEBUG=1",
					"$(inherited)",
				);
				GCC_WARN_64_TO_32_BIT_CONVERSION = YES;
				GCC_WARN_ABOUT_RETURN_TYPE = YES_ERROR;
				GCC_WARN_UNDECLARED_SELECTOR = YES;
				GCC_WARN_UNINITIALIZED_AUTOS = YES_AGGRESSIVE;
				GCC_WARN_UNUSED_FUNCTION = YES;
				GCC_WARN_UNUSED_VARIABLE = YES;
				IPHONEOS_DEPLOYMENT_TARGET = 16.0;
				MTL_ENABLE_DEBUG_INFO = INCLUDE_SOURCE;
				MTL_FAST_MATH = YES;
				ONLY_ACTIVE_ARCH = YES;
				SDKROOT = iphoneos;
				SWIFT_ACTIVE_COMPILATION_CONDITIONS = DEBUG;
				SWIFT_OPTIMIZATION_LEVEL = "-Onone";
			};
			name = Debug;
		};
		C89E636B297B03D0001A10D8 /* Release */ = {
			isa = XCBuildConfiguration;
			buildSettings = {
				ALWAYS_SEARCH_USER_PATHS = NO;
				CLANG_ANALYZER_NONNULL = YES;
				CLANG_ANALYZER_NUMBER_OBJECT_CONVERSION = YES_AGGRESSIVE;
				CLANG_CXX_LANGUAGE_STANDARD = "gnu++20";
				CLANG_ENABLE_MODULES = YES;
				CLANG_ENABLE_OBJC_ARC = YES;
				CLANG_ENABLE_OBJC_WEAK = YES;
				CLANG_WARN_BLOCK_CAPTURE_AUTORELEASING = YES;
				CLANG_WARN_BOOL_CONVERSION = YES;
				CLANG_WARN_COMMA = YES;
				CLANG_WARN_CONSTANT_CONVERSION = YES;
				CLANG_WARN_DEPRECATED_OBJC_IMPLEMENTATIONS = YES;
				CLANG_WARN_DIRECT_OBJC_ISA_USAGE = YES_ERROR;
				CLANG_WARN_DOCUMENTATION_COMMENTS = YES;
				CLANG_WARN_EMPTY_BODY = YES;
				CLANG_WARN_ENUM_CONVERSION = YES;
				CLANG_WARN_INFINITE_RECURSION = YES;
				CLANG_WARN_INT_CONVERSION = YES;
				CLANG_WARN_NON_LITERAL_NULL_CONVERSION = YES;
				CLANG_WARN_OBJC_IMPLICIT_RETAIN_SELF = YES;
				CLANG_WARN_OBJC_LITERAL_CONVERSION = YES;
				CLANG_WARN_OBJC_ROOT_CLASS = YES_ERROR;
				CLANG_WARN_QUOTED_INCLUDE_IN_FRAMEWORK_HEADER = YES;
				CLANG_WARN_RANGE_LOOP_ANALYSIS = YES;
				CLANG_WARN_STRICT_PROTOTYPES = YES;
				CLANG_WARN_SUSPICIOUS_MOVE = YES;
				CLANG_WARN_UNGUARDED_AVAILABILITY = YES_AGGRESSIVE;
				CLANG_WARN_UNREACHABLE_CODE = YES;
				CLANG_WARN__DUPLICATE_METHOD_MATCH = YES;
				COPY_PHASE_STRIP = NO;
				DEBUG_INFORMATION_FORMAT = "dwarf-with-dsym";
				ENABLE_NS_ASSERTIONS = NO;
				ENABLE_STRICT_OBJC_MSGSEND = YES;
				GCC_C_LANGUAGE_STANDARD = gnu11;
				GCC_NO_COMMON_BLOCKS = YES;
				GCC_WARN_64_TO_32_BIT_CONVERSION = YES;
				GCC_WARN_ABOUT_RETURN_TYPE = YES_ERROR;
				GCC_WARN_UNDECLARED_SELECTOR = YES;
				GCC_WARN_UNINITIALIZED_AUTOS = YES_AGGRESSIVE;
				GCC_WARN_UNUSED_FUNCTION = YES;
				GCC_WARN_UNUSED_VARIABLE = YES;
				IPHONEOS_DEPLOYMENT_TARGET = 16.0;
				MTL_ENABLE_DEBUG_INFO = NO;
				MTL_FAST_MATH = YES;
				SDKROOT = iphoneos;
				SWIFT_COMPILATION_MODE = wholemodule;
				SWIFT_OPTIMIZATION_LEVEL = "-O";
				VALIDATE_PRODUCT = YES;
			};
			name = Release;
		};
		C89E636D297B03D0001A10D8 /* Debug */ = {
			isa = XCBuildConfiguration;
			buildSettings = {
				ASSETCATALOG_COMPILER_APPICON_NAME = AppIcon;
				ASSETCATALOG_COMPILER_GLOBAL_ACCENT_COLOR_NAME = AccentColor;
				CODE_SIGN_STYLE = Automatic;
				CURRENT_PROJECT_VERSION = 1;
				DEVELOPMENT_TEAM = XYDJS4ZTQ6;
				GENERATE_INFOPLIST_FILE = YES;
				INFOPLIST_FILE = CompositionalLayout/Info.plist;
				INFOPLIST_KEY_UIApplicationSupportsIndirectInputEvents = YES;
				INFOPLIST_KEY_UILaunchStoryboardName = LaunchScreen;
				INFOPLIST_KEY_UIMainStoryboardFile = Main;
				INFOPLIST_KEY_UISupportedInterfaceOrientations_iPad = "UIInterfaceOrientationPortrait UIInterfaceOrientationPortraitUpsideDown UIInterfaceOrientationLandscapeLeft UIInterfaceOrientationLandscapeRight";
				INFOPLIST_KEY_UISupportedInterfaceOrientations_iPhone = "UIInterfaceOrientationPortrait UIInterfaceOrientationLandscapeLeft UIInterfaceOrientationLandscapeRight";
				LD_RUNPATH_SEARCH_PATHS = (
					"$(inherited)",
					"@executable_path/Frameworks",
				);
				MARKETING_VERSION = 1.0;
				PRODUCT_BUNDLE_IDENTIFIER = com.thobioJoseph.CompositionalLayout;
				PRODUCT_NAME = "$(TARGET_NAME)";
				SWIFT_EMIT_LOC_STRINGS = YES;
				SWIFT_VERSION = 5.0;
				TARGETED_DEVICE_FAMILY = "1,2";
			};
			name = Debug;
		};
		C89E636E297B03D0001A10D8 /* Release */ = {
			isa = XCBuildConfiguration;
			buildSettings = {
				ASSETCATALOG_COMPILER_APPICON_NAME = AppIcon;
				ASSETCATALOG_COMPILER_GLOBAL_ACCENT_COLOR_NAME = AccentColor;
				CODE_SIGN_STYLE = Automatic;
				CURRENT_PROJECT_VERSION = 1;
				DEVELOPMENT_TEAM = XYDJS4ZTQ6;
				GENERATE_INFOPLIST_FILE = YES;
				INFOPLIST_FILE = CompositionalLayout/Info.plist;
				INFOPLIST_KEY_UIApplicationSupportsIndirectInputEvents = YES;
				INFOPLIST_KEY_UILaunchStoryboardName = LaunchScreen;
				INFOPLIST_KEY_UIMainStoryboardFile = Main;
				INFOPLIST_KEY_UISupportedInterfaceOrientations_iPad = "UIInterfaceOrientationPortrait UIInterfaceOrientationPortraitUpsideDown UIInterfaceOrientationLandscapeLeft UIInterfaceOrientationLandscapeRight";
				INFOPLIST_KEY_UISupportedInterfaceOrientations_iPhone = "UIInterfaceOrientationPortrait UIInterfaceOrientationLandscapeLeft UIInterfaceOrientationLandscapeRight";
				LD_RUNPATH_SEARCH_PATHS = (
					"$(inherited)",
					"@executable_path/Frameworks",
				);
				MARKETING_VERSION = 1.0;
				PRODUCT_BUNDLE_IDENTIFIER = com.thobioJoseph.CompositionalLayout;
				PRODUCT_NAME = "$(TARGET_NAME)";
				SWIFT_EMIT_LOC_STRINGS = YES;
				SWIFT_VERSION = 5.0;
				TARGETED_DEVICE_FAMILY = "1,2";
			};
			name = Release;
		};
		C89E6370297B03D0001A10D8 /* Debug */ = {
			isa = XCBuildConfiguration;
			buildSettings = {
				ALWAYS_EMBED_SWIFT_STANDARD_LIBRARIES = YES;
				BUNDLE_LOADER = "$(TEST_HOST)";
				CODE_SIGN_STYLE = Automatic;
				CURRENT_PROJECT_VERSION = 1;
				DEVELOPMENT_TEAM = XYDJS4ZTQ6;
				GENERATE_INFOPLIST_FILE = YES;
				IPHONEOS_DEPLOYMENT_TARGET = 16.0;
				MARKETING_VERSION = 1.0;
				PRODUCT_BUNDLE_IDENTIFIER = com.thobioJoseph.CompositionalLayoutTests;
				PRODUCT_NAME = "$(TARGET_NAME)";
				SWIFT_EMIT_LOC_STRINGS = NO;
				SWIFT_VERSION = 5.0;
				TARGETED_DEVICE_FAMILY = "1,2";
				TEST_HOST = "$(BUILT_PRODUCTS_DIR)/CompositionalLayout.app/$(BUNDLE_EXECUTABLE_FOLDER_PATH)/CompositionalLayout";
			};
			name = Debug;
		};
		C89E6371297B03D0001A10D8 /* Release */ = {
			isa = XCBuildConfiguration;
			buildSettings = {
				ALWAYS_EMBED_SWIFT_STANDARD_LIBRARIES = YES;
				BUNDLE_LOADER = "$(TEST_HOST)";
				CODE_SIGN_STYLE = Automatic;
				CURRENT_PROJECT_VERSION = 1;
				DEVELOPMENT_TEAM = XYDJS4ZTQ6;
				GENERATE_INFOPLIST_FILE = YES;
				IPHONEOS_DEPLOYMENT_TARGET = 16.0;
				MARKETING_VERSION = 1.0;
				PRODUCT_BUNDLE_IDENTIFIER = com.thobioJoseph.CompositionalLayoutTests;
				PRODUCT_NAME = "$(TARGET_NAME)";
				SWIFT_EMIT_LOC_STRINGS = NO;
				SWIFT_VERSION = 5.0;
				TARGETED_DEVICE_FAMILY = "1,2";
				TEST_HOST = "$(BUILT_PRODUCTS_DIR)/CompositionalLayout.app/$(BUNDLE_EXECUTABLE_FOLDER_PATH)/CompositionalLayout";
			};
			name = Release;
		};
		C89E6373297B03D0001A10D8 /* Debug */ = {
			isa = XCBuildConfiguration;
			buildSettings = {
				ALWAYS_EMBED_SWIFT_STANDARD_LIBRARIES = YES;
				CODE_SIGN_STYLE = Automatic;
				CURRENT_PROJECT_VERSION = 1;
				DEVELOPMENT_TEAM = XYDJS4ZTQ6;
				GENERATE_INFOPLIST_FILE = YES;
				MARKETING_VERSION = 1.0;
				PRODUCT_BUNDLE_IDENTIFIER = com.thobioJoseph.CompositionalLayoutUITests;
				PRODUCT_NAME = "$(TARGET_NAME)";
				SWIFT_EMIT_LOC_STRINGS = NO;
				SWIFT_VERSION = 5.0;
				TARGETED_DEVICE_FAMILY = "1,2";
				TEST_TARGET_NAME = CompositionalLayout;
			};
			name = Debug;
		};
		C89E6374297B03D0001A10D8 /* Release */ = {
			isa = XCBuildConfiguration;
			buildSettings = {
				ALWAYS_EMBED_SWIFT_STANDARD_LIBRARIES = YES;
				CODE_SIGN_STYLE = Automatic;
				CURRENT_PROJECT_VERSION = 1;
				DEVELOPMENT_TEAM = XYDJS4ZTQ6;
				GENERATE_INFOPLIST_FILE = YES;
				MARKETING_VERSION = 1.0;
				PRODUCT_BUNDLE_IDENTIFIER = com.thobioJoseph.CompositionalLayoutUITests;
				PRODUCT_NAME = "$(TARGET_NAME)";
				SWIFT_EMIT_LOC_STRINGS = NO;
				SWIFT_VERSION = 5.0;
				TARGETED_DEVICE_FAMILY = "1,2";
				TEST_TARGET_NAME = CompositionalLayout;
			};
			name = Release;
		};
/* End XCBuildConfiguration section */

/* Begin XCConfigurationList section */
		C89E633D297B03CB001A10D8 /* Build configuration list for PBXProject "CompositionalLayout" */ = {
			isa = XCConfigurationList;
			buildConfigurations = (
				C89E636A297B03D0001A10D8 /* Debug */,
				C89E636B297B03D0001A10D8 /* Release */,
			);
			defaultConfigurationIsVisible = 0;
			defaultConfigurationName = Release;
		};
		C89E636C297B03D0001A10D8 /* Build configuration list for PBXNativeTarget "CompositionalLayout" */ = {
			isa = XCConfigurationList;
			buildConfigurations = (
				C89E636D297B03D0001A10D8 /* Debug */,
				C89E636E297B03D0001A10D8 /* Release */,
			);
			defaultConfigurationIsVisible = 0;
			defaultConfigurationName = Release;
		};
		C89E636F297B03D0001A10D8 /* Build configuration list for PBXNativeTarget "CompositionalLayoutTests" */ = {
			isa = XCConfigurationList;
			buildConfigurations = (
				C89E6370297B03D0001A10D8 /* Debug */,
				C89E6371297B03D0001A10D8 /* Release */,
			);
			defaultConfigurationIsVisible = 0;
			defaultConfigurationName = Release;
		};
		C89E6372297B03D0001A10D8 /* Build configuration list for PBXNativeTarget "CompositionalLayoutUITests" */ = {
			isa = XCConfigurationList;
			buildConfigurations = (
				C89E6373297B03D0001A10D8 /* Debug */,
				C89E6374297B03D0001A10D8 /* Release */,
			);
			defaultConfigurationIsVisible = 0;
			defaultConfigurationName = Release;
		};
/* End XCConfigurationList section */

/* Begin XCRemoteSwiftPackageReference section */
		C8968511297E2EC700653999 /* XCRemoteSwiftPackageReference "LBTATools" */ = {
			isa = XCRemoteSwiftPackageReference;
			repositoryURL = "https://github.com/bhlvoong/LBTATools.git";
			requirement = {
				kind = upToNextMajorVersion;
				minimumVersion = 1.0.0;
			};
		};
/* End XCRemoteSwiftPackageReference section */

/* Begin XCSwiftPackageProductDependency section */
		C8968512297E2EC700653999 /* LBTATools */ = {
			isa = XCSwiftPackageProductDependency;
			package = C8968511297E2EC700653999 /* XCRemoteSwiftPackageReference "LBTATools" */;
			productName = LBTATools;
		};
/* End XCSwiftPackageProductDependency section */
	};
	rootObject = C89E633A297B03CB001A10D8 /* Project object */;
}
